{
  "nodes": {
    "nixpkgs": {
      "locked": {
        "lastModified": 1632886523,
        "narHash": "sha256-rf5H4p6stBwQg1QcstvaHn2ntF52frw4GJuGto5UN6E=",
        "owner": "NixOS",
        "repo": "nixpkgs",
        "rev": "895f3956d266e2e90b66d03ea97ebc082bffd12c",
        "type": "github"
      },
      "original": {
        "owner": "NixOS",
        "repo": "nixpkgs",
        "type": "github"
      }
    },
    "root": {
      "inputs": {
        "nixpkgs": "nixpkgs",
        "utils": "utils"
      }
    },
    "utils": {
      "locked": {
        "lastModified": 1631561581,
        "narHash": "sha256-3VQMV5zvxaVLvqqUrNz3iJelLw30mIVSfZmAaauM3dA=",
        "owner": "numtide",
        "repo": "flake-utils",
        "rev": "7e5bf3925f6fbdfaf50a2a7ca0be2879c4261d19",
        "type": "github"
      },
      "original": {
        "owner": "numtide",
        "repo": "flake-utils",
        "type": "github"
      }
    }
  },
  "root": "root",
  "version": 7
}
